github.com/gorilla/websocket v1.5.1 h1:9n4rrCLnh1gLVM9/Z5L3GBQdSdxX9IlM+6砝赏FMj8=
github.com/gorilla/websocket v1.5.1/go.mod h1:xYrW0p3K29kpFqjtqjcyiXjd7xDleliysNdPx0R/S0s=
github.com/google/uuid v1.5.0 h1:1p67kYwdtXjb0gL0BPiPZYUdXvVs1s浮MPQTMQkb9k=
github.com/google/uuid v1.5.0/go.mod h1:TIbP/m55K5KrKRuYJQIuYxTxJPQ/8K3F/g5l2GvE5U=
